
Microsoft Visual Studio Solution File, Format Version 12.00
# Visual Studio 2012
Project("{FAE04EC0-301F-11D3-BF4B-00C04F79EFBC}") = "First_steps", "First_steps\First_steps.csproj", "{496B6017-4756-45C1-8F8A-7D3341794523}"
EndProject
Global
	GlobalSection(SolutionConfigurationPlatforms) = preSolution
		Debug|x86 = Debug|x86
		Release|x86 = Release|x86
	EndGlobalSection
	GlobalSection(ProjectConfigurationPlatforms) = postSolution
		{496B6017-4756-45C1-8F8A-7D3341794523}.Debug|x86.ActiveCfg = Debug|x86
		{496B6017-4756-45C1-8F8A-7D3341794523}.Debug|x86.Build.0 = Debug|x86
		{496B6017-4756-45C1-8F8A-7D3341794523}.Release|x86.ActiveCfg = Release|x86
		{496B6017-4756-45C1-8F8A-7D3341794523}.Release|x86.Build.0 = Release|x86
	EndGlobalSection
	GlobalSection(MonoDevelopProperties) = preSolution
		StartupItem = First_steps\First_steps.csproj
	EndGlobalSection
EndGlobal
